// !$*UTF8*$!
{
	archiveVersion = 1;
	classes = {
	};
	objectVersion = 46;
	objects = {

/* Begin PBXBuildFile section */
		090D7F506BE8AE157EB23EBB /* libPods-CCRefreshiOS.a in Frameworks */ = {isa = PBXBuildFile; fileRef = 1AA260A2EC4578F30C73BD00 /* libPods-CCRefreshiOS.a */; };
		186E140D1EB4979B00F1AF8F /* main.m in Sources */ = {isa = PBXBuildFile; fileRef = 186E140C1EB4979B00F1AF8F /* main.m */; };
		186E14101EB4979B00F1AF8F /* AppDelegate.m in Sources */ = {isa = PBXBuildFile; fileRef = 186E140F1EB4979B00F1AF8F /* AppDelegate.m */; };
		186E14131EB4979B00F1AF8F /* FirstViewController.m in Sources */ = {isa = PBXBuildFile; fileRef = 186E14121EB4979B00F1AF8F /* FirstViewController.m */; };
		186E14161EB4979B00F1AF8F /* SecondViewController.m in Sources */ = {isa = PBXBuildFile; fileRef = 186E14151EB4979B00F1AF8F /* SecondViewController.m */; };
		186E14191EB4979B00F1AF8F /* Main.storyboard in Resources */ = {isa = PBXBuildFile; fileRef = 186E14171EB4979B00F1AF8F /* Main.storyboard */; };
		186E141B1EB4979B00F1AF8F /* Assets.xcassets in Resources */ = {isa = PBXBuildFile; fileRef = 186E141A1EB4979B00F1AF8F /* Assets.xcassets */; };
		186E141E1EB4979B00F1AF8F /* LaunchScreen.storyboard in Resources */ = {isa = PBXBuildFile; fileRef = 186E141C1EB4979B00F1AF8F /* LaunchScreen.storyboard */; };
		186E142D1EB4E13700F1AF8F /* CCWeb.m in Sources */ = {isa = PBXBuildFile; fileRef = 186E142C1EB4E13700F1AF8F /* CCWeb.m */; };
		186E14311EB4E82100F1AF8F /* CCCollection.m in Sources */ = {isa = PBXBuildFile; fileRef = 186E14301EB4E82100F1AF8F /* CCCollection.m */; };
		186E14351EB5099400F1AF8F /* CCChiBaoZiFooter.m in Sources */ = {isa = PBXBuildFile; fileRef = 186E14341EB5099400F1AF8F /* CCChiBaoZiFooter.m */; };
		186E14381EB50A0F00F1AF8F /* CCChiBaoZiFooter2.m in Sources */ = {isa = PBXBuildFile; fileRef = 186E14371EB50A0F00F1AF8F /* CCChiBaoZiFooter2.m */; };
		186E143B1EB50A7000F1AF8F /* CCChiBaoZiHeader.m in Sources */ = {isa = PBXBuildFile; fileRef = 186E143A1EB50A7000F1AF8F /* CCChiBaoZiHeader.m */; };
		186E143E1EB50AB700F1AF8F /* CCDIYAutoFooter.m in Sources */ = {isa = PBXBuildFile; fileRef = 186E143D1EB50AB700F1AF8F /* CCDIYAutoFooter.m */; };
		186E14411EB50B1E00F1AF8F /* CCDIYBackFooter.m in Sources */ = {isa = PBXBuildFile; fileRef = 186E14401EB50B1E00F1AF8F /* CCDIYBackFooter.m */; };
		186E14441EB50B8C00F1AF8F /* CCDIYHeader.m in Sources */ = {isa = PBXBuildFile; fileRef = 186E14431EB50B8C00F1AF8F /* CCDIYHeader.m */; };
		186E14481EB50CE300F1AF8F /* CCDIYTab.m in Sources */ = {isa = PBXBuildFile; fileRef = 186E14471EB50CE300F1AF8F /* CCDIYTab.m */; };
/* End PBXBuildFile section */

/* Begin PBXFileReference section */
		186E14081EB4979A00F1AF8F /* CCRefreshiOS.app */ = {isa = PBXFileReference; explicitFileType = wrapper.application; includeInIndex = 0; path = CCRefreshiOS.app; sourceTree = BUILT_PRODUCTS_DIR; };
		186E140C1EB4979B00F1AF8F /* main.m */ = {isa = PBXFileReference; lastKnownFileType = sourcecode.c.objc; path = main.m; sourceTree = "<group>"; };
		186E140E1EB4979B00F1AF8F /* AppDelegate.h */ = {isa = PBXFileReference; lastKnownFileType = sourcecode.c.h; path = AppDelegate.h; sourceTree = "<group>"; };
		186E140F1EB4979B00F1AF8F /* AppDelegate.m */ = {isa = PBXFileReference; lastKnownFileType = sourcecode.c.objc; path = AppDelegate.m; sourceTree = "<group>"; };
		186E14111EB4979B00F1AF8F /* FirstViewController.h */ = {isa = PBXFileReference; lastKnownFileType = sourcecode.c.h; path = FirstViewController.h; sourceTree = "<group>"; };
		186E14121EB4979B00F1AF8F /* FirstViewController.m */ = {isa = PBXFileReference; lastKnownFileType = sourcecode.c.objc; path = FirstViewController.m; sourceTree = "<group>"; };
		186E14141EB4979B00F1AF8F /* SecondViewController.h */ = {isa = PBXFileReference; lastKnownFileType = sourcecode.c.h; path = SecondViewController.h; sourceTree = "<group>"; };
		186E14151EB4979B00F1AF8F /* SecondViewController.m */ = {isa = PBXFileReference; lastKnownFileType = sourcecode.c.objc; path = SecondViewController.m; sourceTree = "<group>"; };
		186E14181EB4979B00F1AF8F /* Base */ = {isa = PBXFileReference; lastKnownFileType = file.storyboard; name = Base; path = Base.lproj/Main.storyboard; sourceTree = "<group>"; };
		186E141A1EB4979B00F1AF8F /* Assets.xcassets */ = {isa = PBXFileReference; lastKnownFileType = folder.assetcatalog; path = Assets.xcassets; sourceTree = "<group>"; };
		186E141D1EB4979B00F1AF8F /* Base */ = {isa = PBXFileReference; lastKnownFileType = file.storyboard; name = Base; path = Base.lproj/LaunchScreen.storyboard; sourceTree = "<group>"; };
		186E141F1EB4979B00F1AF8F /* Info.plist */ = {isa = PBXFileReference; lastKnownFileType = text.plist.xml; path = Info.plist; sourceTree = "<group>"; };
		186E142B1EB4E13700F1AF8F /* CCWeb.h */ = {isa = PBXFileReference; fileEncoding = 4; lastKnownFileType = sourcecode.c.h; path = CCWeb.h; sourceTree = "<group>"; };
		186E142C1EB4E13700F1AF8F /* CCWeb.m */ = {isa = PBXFileReference; fileEncoding = 4; lastKnownFileType = sourcecode.c.objc; path = CCWeb.m; sourceTree = "<group>"; };
		186E142F1EB4E82100F1AF8F /* CCCollection.h */ = {isa = PBXFileReference; fileEncoding = 4; lastKnownFileType = sourcecode.c.h; path = CCCollection.h; sourceTree = "<group>"; };
		186E14301EB4E82100F1AF8F /* CCCollection.m */ = {isa = PBXFileReference; fileEncoding = 4; lastKnownFileType = sourcecode.c.objc; path = CCCollection.m; sourceTree = "<group>"; };
		186E14331EB5099400F1AF8F /* CCChiBaoZiFooter.h */ = {isa = PBXFileReference; fileEncoding = 4; lastKnownFileType = sourcecode.c.h; path = CCChiBaoZiFooter.h; sourceTree = "<group>"; };
		186E14341EB5099400F1AF8F /* CCChiBaoZiFooter.m */ = {isa = PBXFileReference; fileEncoding = 4; lastKnownFileType = sourcecode.c.objc; path = CCChiBaoZiFooter.m; sourceTree = "<group>"; };
		186E14361EB50A0F00F1AF8F /* CCChiBaoZiFooter2.h */ = {isa = PBXFileReference; fileEncoding = 4; lastKnownFileType = sourcecode.c.h; path = CCChiBaoZiFooter2.h; sourceTree = "<group>"; };
		186E14371EB50A0F00F1AF8F /* CCChiBaoZiFooter2.m */ = {isa = PBXFileReference; fileEncoding = 4; lastKnownFileType = sourcecode.c.objc; path = CCChiBaoZiFooter2.m; sourceTree = "<group>"; };
		186E14391EB50A7000F1AF8F /* CCChiBaoZiHeader.h */ = {isa = PBXFileReference; fileEncoding = 4; lastKnownFileType = sourcecode.c.h; path = CCChiBaoZiHeader.h; sourceTree = "<group>"; };
		186E143A1EB50A7000F1AF8F /* CCChiBaoZiHeader.m */ = {isa = PBXFileReference; fileEncoding = 4; lastKnownFileType = sourcecode.c.objc; path = CCChiBaoZiHeader.m; sourceTree = "<group>"; };
		186E143C1EB50AB700F1AF8F /* CCDIYAutoFooter.h */ = {isa = PBXFileReference; fileEncoding = 4; lastKnownFileType = sourcecode.c.h; path = CCDIYAutoFooter.h; sourceTree = "<group>"; };
		186E143D1EB50AB700F1AF8F /* CCDIYAutoFooter.m */ = {isa = PBXFileReference; fileEncoding = 4; lastKnownFileType = sourcecode.c.objc; path = CCDIYAutoFooter.m; sourceTree = "<group>"; };
		186E143F1EB50B1E00F1AF8F /* CCDIYBackFooter.h */ = {isa = PBXFileReference; fileEncoding = 4; lastKnownFileType = sourcecode.c.h; path = CCDIYBackFooter.h; sourceTree = "<group>"; };
		186E14401EB50B1E00F1AF8F /* CCDIYBackFooter.m */ = {isa = PBXFileReference; fileEncoding = 4; lastKnownFileType = sourcecode.c.objc; path = CCDIYBackFooter.m; sourceTree = "<group>"; };
		186E14421EB50B8C00F1AF8F /* CCDIYHeader.h */ = {isa = PBXFileReference; fileEncoding = 4; lastKnownFileType = sourcecode.c.h; path = CCDIYHeader.h; sourceTree = "<group>"; };
		186E14431EB50B8C00F1AF8F /* CCDIYHeader.m */ = {isa = PBXFileReference; fileEncoding = 4; lastKnownFileType = sourcecode.c.objc; path = CCDIYHeader.m; sourceTree = "<group>"; };
		186E14461EB50CE300F1AF8F /* CCDIYTab.h */ = {isa = PBXFileReference; fileEncoding = 4; lastKnownFileType = sourcecode.c.h; path = CCDIYTab.h; sourceTree = "<group>"; };
		186E14471EB50CE300F1AF8F /* CCDIYTab.m */ = {isa = PBXFileReference; fileEncoding = 4; lastKnownFileType = sourcecode.c.objc; path = CCDIYTab.m; sourceTree = "<group>"; };
		1AA260A2EC4578F30C73BD00 /* libPods-CCRefreshiOS.a */ = {isa = PBXFileReference; explicitFileType = archive.ar; includeInIndex = 0; path = "libPods-CCRefreshiOS.a"; sourceTree = BUILT_PRODUCTS_DIR; };
		42256113F67490DD7D8F7FD2 /* Pods-CCRefreshiOS.debug.xcconfig */ = {isa = PBXFileReference; includeInIndex = 1; lastKnownFileType = text.xcconfig; name = "Pods-CCRefreshiOS.debug.xcconfig"; path = "Pods/Target Support Files/Pods-CCRefreshiOS/Pods-CCRefreshiOS.debug.xcconfig"; sourceTree = "<group>"; };
		FA2CADEBC3725F2AF06A8BE0 /* Pods-CCRefreshiOS.release.xcconfig */ = {isa = PBXFileReference; includeInIndex = 1; lastKnownFileType = text.xcconfig; name = "Pods-CCRefreshiOS.release.xcconfig"; path = "Pods/Target Support Files/Pods-CCRefreshiOS/Pods-CCRefreshiOS.release.xcconfig"; sourceTree = "<group>"; };
/* End PBXFileReference section */

/* Begin PBXFrameworksBuildPhase section */
		186E14051EB4979A00F1AF8F /* Frameworks */ = {
			isa = PBXFrameworksBuildPhase;
			buildActionMask = 2147483647;
			files = (
				090D7F506BE8AE157EB23EBB /* libPods-CCRefreshiOS.a in Frameworks */,
			);
			runOnlyForDeploymentPostprocessing = 0;
		};
/* End PBXFrameworksBuildPhase section */

/* Begin PBXGroup section */
		186E13FF1EB4979A00F1AF8F = {
			isa = PBXGroup;
			children = (
				186E140A1EB4979B00F1AF8F /* CCRefreshiOS */,
				186E14091EB4979A00F1AF8F /* Products */,
				3507E738D08DE2A12ABD007C /* Pods */,
				316C02F08A384BE6D43DC7AC /* Frameworks */,
			);
			sourceTree = "<group>";
		};
		186E14091EB4979A00F1AF8F /* Products */ = {
			isa = PBXGroup;
			children = (
				186E14081EB4979A00F1AF8F /* CCRefreshiOS.app */,
			);
			name = Products;
			sourceTree = "<group>";
		};
		186E140A1EB4979B00F1AF8F /* CCRefreshiOS */ = {
			isa = PBXGroup;
			children = (
				186E14451EB50CCD00F1AF8F /* CCDIYTab */,
				186E14321EB507A000F1AF8F /* CCDIY */,
				186E142E1EB4E7AE00F1AF8F /* CCCollection */,
				186E142A1EB4E10E00F1AF8F /* CCWeb */,
				186E140E1EB4979B00F1AF8F /* AppDelegate.h */,
				186E140F1EB4979B00F1AF8F /* AppDelegate.m */,
				186E14111EB4979B00F1AF8F /* FirstViewController.h */,
				186E14121EB4979B00F1AF8F /* FirstViewController.m */,
				186E14141EB4979B00F1AF8F /* SecondViewController.h */,
				186E14151EB4979B00F1AF8F /* SecondViewController.m */,
				186E14171EB4979B00F1AF8F /* Main.storyboard */,
				186E141A1EB4979B00F1AF8F /* Assets.xcassets */,
				186E141C1EB4979B00F1AF8F /* LaunchScreen.storyboard */,
				186E141F1EB4979B00F1AF8F /* Info.plist */,
				186E140B1EB4979B00F1AF8F /* Supporting Files */,
			);
			path = CCRefreshiOS;
			sourceTree = "<group>";
		};
		186E140B1EB4979B00F1AF8F /* Supporting Files */ = {
			isa = PBXGroup;
			children = (
				186E140C1EB4979B00F1AF8F /* main.m */,
			);
			name = "Supporting Files";
			sourceTree = "<group>";
		};
		186E142A1EB4E10E00F1AF8F /* CCWeb */ = {
			isa = PBXGroup;
			children = (
				186E142B1EB4E13700F1AF8F /* CCWeb.h */,
				186E142C1EB4E13700F1AF8F /* CCWeb.m */,
			);
			path = CCWeb;
			sourceTree = "<group>";
		};
		186E142E1EB4E7AE00F1AF8F /* CCCollection */ = {
			isa = PBXGroup;
			children = (
				186E142F1EB4E82100F1AF8F /* CCCollection.h */,
				186E14301EB4E82100F1AF8F /* CCCollection.m */,
			);
			path = CCCollection;
			sourceTree = "<group>";
		};
		186E14321EB507A000F1AF8F /* CCDIY */ = {
			isa = PBXGroup;
			children = (
				186E14331EB5099400F1AF8F /* CCChiBaoZiFooter.h */,
				186E14341EB5099400F1AF8F /* CCChiBaoZiFooter.m */,
				186E14361EB50A0F00F1AF8F /* CCChiBaoZiFooter2.h */,
				186E14371EB50A0F00F1AF8F /* CCChiBaoZiFooter2.m */,
				186E14391EB50A7000F1AF8F /* CCChiBaoZiHeader.h */,
				186E143A1EB50A7000F1AF8F /* CCChiBaoZiHeader.m */,
				186E143C1EB50AB700F1AF8F /* CCDIYAutoFooter.h */,
				186E143D1EB50AB700F1AF8F /* CCDIYAutoFooter.m */,
				186E143F1EB50B1E00F1AF8F /* CCDIYBackFooter.h */,
				186E14401EB50B1E00F1AF8F /* CCDIYBackFooter.m */,
				186E14421EB50B8C00F1AF8F /* CCDIYHeader.h */,
				186E14431EB50B8C00F1AF8F /* CCDIYHeader.m */,
			);
			path = CCDIY;
			sourceTree = "<group>";
		};
		186E14451EB50CCD00F1AF8F /* CCDIYTab */ = {
			isa = PBXGroup;
			children = (
				186E14461EB50CE300F1AF8F /* CCDIYTab.h */,
				186E14471EB50CE300F1AF8F /* CCDIYTab.m */,
			);
			path = CCDIYTab;
			sourceTree = "<group>";
		};
		316C02F08A384BE6D43DC7AC /* Frameworks */ = {
			isa = PBXGroup;
			children = (
				1AA260A2EC4578F30C73BD00 /* libPods-CCRefreshiOS.a */,
			);
			name = Frameworks;
			sourceTree = "<group>";
		};
		3507E738D08DE2A12ABD007C /* Pods */ = {
			isa = PBXGroup;
			children = (
				42256113F67490DD7D8F7FD2 /* Pods-CCRefreshiOS.debug.xcconfig */,
				FA2CADEBC3725F2AF06A8BE0 /* Pods-CCRefreshiOS.release.xcconfig */,
			);
			name = Pods;
			sourceTree = "<group>";
		};
/* End PBXGroup section */

/* Begin PBXNativeTarget section */
		186E14071EB4979A00F1AF8F /* CCRefreshiOS */ = {
			isa = PBXNativeTarget;
			buildConfigurationList = 186E14221EB4979B00F1AF8F /* Build configuration list for PBXNativeTarget "CCRefreshiOS" */;
			buildPhases = (
				9CC546EA15504816813D800C /* [CP] Check Pods Manifest.lock */,
				186E14041EB4979A00F1AF8F /* Sources */,
				186E14051EB4979A00F1AF8F /* Frameworks */,
				186E14061EB4979A00F1AF8F /* Resources */,
				A4359B781FF4685EDEFE3AEB /* [CP] Embed Pods Frameworks */,
				1856815B7075380DD67DF3A9 /* [CP] Copy Pods Resources */,
			);
			buildRules = (
			);
			dependencies = (
			);
			name = CCRefreshiOS;
			productName = CCRefreshiOS;
			productReference = 186E14081EB4979A00F1AF8F /* CCRefreshiOS.app */;
			productType = "com.apple.product-type.application";
		};
/* End PBXNativeTarget section */

/* Begin PBXProject section */
		186E14001EB4979A00F1AF8F /* Project object */ = {
			isa = PBXProject;
			attributes = {
				LastUpgradeCheck = 0720;
				ORGANIZATIONNAME = "CC | ccworld1000@gmail.com";
				TargetAttributes = {
					186E14071EB4979A00F1AF8F = {
						CreatedOnToolsVersion = 7.2;
					};
				};
			};
			buildConfigurationList = 186E14031EB4979A00F1AF8F /* Build configuration list for PBXProject "CCRefreshiOS" */;
			compatibilityVersion = "Xcode 3.2";
			developmentRegion = English;
			hasScannedForEncodings = 0;
			knownRegions = (
				en,
				Base,
			);
			mainGroup = 186E13FF1EB4979A00F1AF8F;
			productRefGroup = 186E14091EB4979A00F1AF8F /* Products */;
			projectDirPath = "";
			projectRoot = "";
			targets = (
				186E14071EB4979A00F1AF8F /* CCRefreshiOS */,
			);
		};
/* End PBXProject section */

/* Begin PBXResourcesBuildPhase section */
		186E14061EB4979A00F1AF8F /* Resources */ = {
			isa = PBXResourcesBuildPhase;
			buildActionMask = 2147483647;
			files = (
				186E141E1EB4979B00F1AF8F /* LaunchScreen.storyboard in Resources */,
				186E141B1EB4979B00F1AF8F /* Assets.xcassets in Resources */,
				186E14191EB4979B00F1AF8F /* Main.storyboard in Resources */,
			);
			runOnlyForDeploymentPostprocessing = 0;
		};
/* End PBXResourcesBuildPhase section */

/* Begin PBXShellScriptBuildPhase section */
		1856815B7075380DD67DF3A9 /* [CP] Copy Pods Resources */ = {
			isa = PBXShellScriptBuildPhase;
			buildActionMask = 2147483647;
			files = (
			);
			inputPaths = (
			);
			name = "[CP] Copy Pods Resources";
			outputPaths = (
			);
			runOnlyForDeploymentPostprocessing = 0;
			shellPath = /bin/sh;
			shellScript = "\"${SRCROOT}/Pods/Target Support Files/Pods-CCRefreshiOS/Pods-CCRefreshiOS-resources.sh\"\n";
			showEnvVarsInLog = 0;
		};
		9CC546EA15504816813D800C /* [CP] Check Pods Manifest.lock */ = {
			isa = PBXShellScriptBuildPhase;
			buildActionMask = 2147483647;
			files = (
			);
			inputPaths = (
			);
			name = "[CP] Check Pods Manifest.lock";
			outputPaths = (
			);
			runOnlyForDeploymentPostprocessing = 0;
			shellPath = /bin/sh;
			shellScript = "diff \"${PODS_ROOT}/../Podfile.lock\" \"${PODS_ROOT}/Manifest.lock\" > /dev/null\nif [ $? != 0 ] ; then\n    # print error to STDERR\n    echo \"error: The sandbox is not in sync with the Podfile.lock. Run 'pod install' or update your CocoaPods installation.\" >&2\n    exit 1\nfi\n";
			showEnvVarsInLog = 0;
		};
		A4359B781FF4685EDEFE3AEB /* [CP] Embed Pods Frameworks */ = {
			isa = PBXShellScriptBuildPhase;
			buildActionMask = 2147483647;
			files = (
			);
			inputPaths = (
			);
			name = "[CP] Embed Pods Frameworks";
			outputPaths = (
			);
			runOnlyForDeploymentPostprocessing = 0;
			shellPath = /bin/sh;
			shellScript = "\"${SRCROOT}/Pods/Target Support Files/Pods-CCRefreshiOS/Pods-CCRefreshiOS-frameworks.sh\"\n";
			showEnvVarsInLog = 0;
		};
/* End PBXShellScriptBuildPhase section */

/* Begin PBXSourcesBuildPhase section */
		186E14041EB4979A00F1AF8F /* Sources */ = {
			isa = PBXSourcesBuildPhase;
			buildActionMask = 2147483647;
			files = (
				186E142D1EB4E13700F1AF8F /* CCWeb.m in Sources */,
				186E14441EB50B8C00F1AF8F /* CCDIYHeader.m in Sources */,
				186E14351EB5099400F1AF8F /* CCChiBaoZiFooter.m in Sources */,
				186E14311EB4E82100F1AF8F /* CCCollection.m in Sources */,
				186E14411EB50B1E00F1AF8F /* CCDIYBackFooter.m in Sources */,
				186E14161EB4979B00F1AF8F /* SecondViewController.m in Sources */,
				186E14101EB4979B00F1AF8F /* AppDelegate.m in Sources */,
				186E14131EB4979B00F1AF8F /* FirstViewController.m in Sources */,
				186E143E1EB50AB700F1AF8F /* CCDIYAutoFooter.m in Sources */,
				186E14381EB50A0F00F1AF8F /* CCChiBaoZiFooter2.m in Sources */,
				186E14481EB50CE300F1AF8F /* CCDIYTab.m in Sources */,
				186E140D1EB4979B00F1AF8F /* main.m in Sources */,
				186E143B1EB50A7000F1AF8F /* CCChiBaoZiHeader.m in Sources */,
			);
			runOnlyForDeploymentPostprocessing = 0;
		};
/* End PBXSourcesBuildPhase section */

/* Begin PBXVariantGroup section */
		186E14171EB4979B00F1AF8F /* Main.storyboard */ = {
			isa = PBXVariantGroup;
			children = (
				186E14181EB4979B00F1AF8F /* Base */,
			);
			name = Main.storyboard;
			sourceTree = "<group>";
		};
		186E141C1EB4979B00F1AF8F /* LaunchScreen.storyboard */ = {
			isa = PBXVariantGroup;
			children = (
				186E141D1EB4979B00F1AF8F /* Base */,
			);
			name = LaunchScreen.storyboard;
			sourceTree = "<group>";
		};
/* End PBXVariantGroup section */

/* Begin XCBuildConfiguration section */
		186E14201EB4979B00F1AF8F /* Debug */ = {
			isa = XCBuildConfiguration;
			buildSettings = {
				ALWAYS_SEARCH_USER_PATHS = NO;
				CLANG_CXX_LANGUAGE_STANDARD = "gnu++0x";
				CLANG_CXX_LIBRARY = "libc++";
				CLANG_ENABLE_MODULES = YES;
				CLANG_ENABLE_OBJC_ARC = YES;
				CLANG_WARN_BOOL_CONVERSION = YES;
				CLANG_WARN_CONSTANT_CONVERSION = YES;
				CLANG_WARN_DIRECT_OBJC_ISA_USAGE = YES_ERROR;
				CLANG_WARN_EMPTY_BODY = YES;
				CLANG_WARN_ENUM_CONVERSION = YES;
				CLANG_WARN_INT_CONVERSION = YES;
				CLANG_WARN_OBJC_ROOT_CLASS = YES_ERROR;
				CLANG_WARN_UNREACHABLE_CODE = YES;
				CLANG_WARN__DUPLICATE_METHOD_MATCH = YES;
				"CODE_SIGN_IDENTITY[sdk=iphoneos*]" = "iPhone Developer";
				COPY_PHASE_STRIP = NO;
				DEBUG_INFORMATION_FORMAT = dwarf;
				ENABLE_STRICT_OBJC_MSGSEND = YES;
				ENABLE_TESTABILITY = YES;
				GCC_C_LANGUAGE_STANDARD = gnu99;
				GCC_DYNAMIC_NO_PIC = NO;
				GCC_NO_COMMON_BLOCKS = YES;
				GCC_OPTIMIZATION_LEVEL = 0;
				GCC_PREPROCESSOR_DEFINITIONS = (
					"DEBUG=1",
					"$(inherited)",
				);
				GCC_WARN_64_TO_32_BIT_CONVERSION = YES;
				GCC_WARN_ABOUT_RETURN_TYPE = YES_ERROR;
				GCC_WARN_UNDECLARED_SELECTOR = YES;
				GCC_WARN_UNINITIALIZED_AUTOS = YES_AGGRESSIVE;
				GCC_WARN_UNUSED_FUNCTION = YES;
				GCC_WARN_UNUSED_VARIABLE = YES;
				IPHONEOS_DEPLOYMENT_TARGET = 9.2;
				MTL_ENABLE_DEBUG_INFO = YES;
				ONLY_ACTIVE_ARCH = YES;
				SDKROOT = iphoneos;
				TARGETED_DEVICE_FAMILY = "1,2";
			};
			name = Debug;
		};
		186E14211EB4979B00F1AF8F /* Release */ = {
			isa = XCBuildConfiguration;
			buildSettings = {
				ALWAYS_SEARCH_USER_PATHS = NO;
				CLANG_CXX_LANGUAGE_STANDARD = "gnu++0x";
				CLANG_CXX_LIBRARY = "libc++";
				CLANG_ENABLE_MODULES = YES;
				CLANG_ENABLE_OBJC_ARC = YES;
				CLANG_WARN_BOOL_CONVERSION = YES;
				CLANG_WARN_CONSTANT_CONVERSION = YES;
				CLANG_WARN_DIRECT_OBJC_ISA_USAGE = YES_ERROR;
				CLANG_WARN_EMPTY_BODY = YES;
				CLANG_WARN_ENUM_CONVERSION = YES;
				CLANG_WARN_INT_CONVERSION = YES;
				CLANG_WARN_OBJC_ROOT_CLASS = YES_ERROR;
				CLANG_WARN_UNREACHABLE_CODE = YES;
				CLANG_WARN__DUPLICATE_METHOD_MATCH = YES;
				"CODE_SIGN_IDENTITY[sdk=iphoneos*]" = "iPhone Developer";
				COPY_PHASE_STRIP = NO;
				DEBUG_INFORMATION_FORMAT = "dwarf-with-dsym";
				ENABLE_NS_ASSERTIONS = NO;
				ENABLE_STRICT_OBJC_MSGSEND = YES;
				GCC_C_LANGUAGE_STANDARD = gnu99;
				GCC_NO_COMMON_BLOCKS = YES;
				GCC_WARN_64_TO_32_BIT_CONVERSION = YES;
				GCC_WARN_ABOUT_RETURN_TYPE = YES_ERROR;
				GCC_WARN_UNDECLARED_SELECTOR = YES;
				GCC_WARN_UNINITIALIZED_AUTOS = YES_AGGRESSIVE;
				GCC_WARN_UNUSED_FUNCTION = YES;
				GCC_WARN_UNUSED_VARIABLE = YES;
				IPHONEOS_DEPLOYMENT_TARGET = 9.2;
				MTL_ENABLE_DEBUG_INFO = NO;
				SDKROOT = iphoneos;
				TARGETED_DEVICE_FAMILY = "1,2";
				VALIDATE_PRODUCT = YES;
			};
			name = Release;
		};
		186E14231EB4979B00F1AF8F /* Debug */ = {
			isa = XCBuildConfiguration;
			baseConfigurationReference = 42256113F67490DD7D8F7FD2 /* Pods-CCRefreshiOS.debug.xcconfig */;
			buildSettings = {
				ASSETCATALOG_COMPILER_APPICON_NAME = AppIcon;
				INFOPLIST_FILE = CCRefreshiOS/Info.plist;
				IPHONEOS_DEPLOYMENT_TARGET = 8.0;
				LD_RUNPATH_SEARCH_PATHS = "$(inherited) @executable_path/Frameworks";
				PRODUCT_BUNDLE_IDENTIFIER = com.cc..CCRefreshiOS;
				PRODUCT_NAME = "$(TARGET_NAME)";
			};
			name = Debug;
		};
		186E14241EB4979B00F1AF8F /* Release */ = {
			isa = XCBuildConfiguration;
			baseConfigurationReference = FA2CADEBC3725F2AF06A8BE0 /* Pods-CCRefreshiOS.release.xcconfig */;
			buildSettings = {
				ASSETCATALOG_COMPILER_APPICON_NAME = AppIcon;
				INFOPLIST_FILE = CCRefreshiOS/Info.plist;
				IPHONEOS_DEPLOYMENT_TARGET = 8.0;
				LD_RUNPATH_SEARCH_PATHS = "$(inherited) @executable_path/Frameworks";
				PRODUCT_BUNDLE_IDENTIFIER = com.cc..CCRefreshiOS;
				PRODUCT_NAME = "$(TARGET_NAME)";
			};
			name = Release;
		};
/* End XCBuildConfiguration section */

/* Begin XCConfigurationList section */
		186E14031EB4979A00F1AF8F /* Build configuration list for PBXProject "CCRefreshiOS" */ = {
			isa = XCConfigurationList;
			buildConfigurations = (
				186E14201EB4979B00F1AF8F /* Debug */,
				186E14211EB4979B00F1AF8F /* Release */,
			);
			defaultConfigurationIsVisible = 0;
			defaultConfigurationName = Release;
		};
		186E14221EB4979B00F1AF8F /* Build configuration list for PBXNativeTarget "CCRefreshiOS" */ = {
			isa = XCConfigurationList;
			buildConfigurations = (
				186E14231EB4979B00F1AF8F /* Debug */,
				186E14241EB4979B00F1AF8F /* Release */,
			);
			defaultConfigurationIsVisible = 0;
			defaultConfigurationName = Release;
		};
/* End XCConfigurationList section */
	};
	rootObject = 186E14001EB4979A00F1AF8F /* Project object */;
}
